
Microsoft Visual Studio Solution File, Format Version 12.00
# Visual Studio Version 17
VisualStudioVersion = 17.6.33829.357
MinimumVisualStudioVersion = 10.0.40219.1
Project("{9A19103F-16F7-4668-BE54-9A1E7A4F7556}") = "Lowery", "Lowery\Lowery.csproj", "{8CC4882E-56D4-4631-B5FF-57922296DEC0}"
EndProject
Project("{9A19103F-16F7-4668-BE54-9A1E7A4F7556}") = "Lowery30Demo", "Lowery30Demo\Lowery30Demo.csproj", "{F385BE00-76BC-40A4-B3EE-4CC3234BE5DE}"
EndProject
Global
	GlobalSection(SolutionConfigurationPlatforms) = preSolution
		Debug|Any CPU = Debug|Any CPU
		LoweryBuildOnly|Any CPU = LoweryBuildOnly|Any CPU
		Release|Any CPU = Release|Any CPU
	EndGlobalSection
	GlobalSection(ProjectConfigurationPlatforms) = postSolution
		{8CC4882E-56D4-4631-B5FF-57922296DEC0}.Debug|Any CPU.ActiveCfg = Debug|Any CPU
		{8CC4882E-56D4-4631-B5FF-57922296DEC0}.Debug|Any CPU.Build.0 = Debug|Any CPU
		{8CC4882E-56D4-4631-B5FF-57922296DEC0}.LoweryBuildOnly|Any CPU.ActiveCfg = LoweryBuildOnly|Any CPU
		{8CC4882E-56D4-4631-B5FF-57922296DEC0}.LoweryBuildOnly|Any CPU.Build.0 = LoweryBuildOnly|Any CPU
		{8CC4882E-56D4-4631-B5FF-57922296DEC0}.Release|Any CPU.ActiveCfg = Release|Any CPU
		{8CC4882E-56D4-4631-B5FF-57922296DEC0}.Release|Any CPU.Build.0 = Release|Any CPU
		{F385BE00-76BC-40A4-B3EE-4CC3234BE5DE}.Debug|Any CPU.ActiveCfg = Debug|Any CPU
		{F385BE00-76BC-40A4-B3EE-4CC3234BE5DE}.Debug|Any CPU.Build.0 = Debug|Any CPU
		{F385BE00-76BC-40A4-B3EE-4CC3234BE5DE}.LoweryBuildOnly|Any CPU.ActiveCfg = Release|Any CPU
		{F385BE00-76BC-40A4-B3EE-4CC3234BE5DE}.Release|Any CPU.ActiveCfg = Release|Any CPU
		{F385BE00-76BC-40A4-B3EE-4CC3234BE5DE}.Release|Any CPU.Build.0 = Release|Any CPU
	EndGlobalSection
	GlobalSection(SolutionProperties) = preSolution
		HideSolutionNode = FALSE
	EndGlobalSection
	GlobalSection(ExtensibilityGlobals) = postSolution
		SolutionGuid = {19F74990-F936-4268-B5C0-58CCC0065036}
	EndGlobalSection
EndGlobal
